
Microsoft Visual Studio Solution File, Format Version 12.00
# Visual Studio Version 16
VisualStudioVersion = 16.0.30717.126
MinimumVisualStudioVersion = 10.0.40219.1
Project("{FAE04EC0-301F-11D3-BF4B-00C04F79EFBC}") = "CompuertaLogicaAndNeurona", "CompuertaLogicaAndNeurona\CompuertaLogicaAndNeurona.csproj", "{78C8BF34-459B-4CB8-9100-66C25A13C9B1}"
EndProject
Global
	GlobalSection(SolutionConfigurationPlatforms) = preSolution
		Debug|Any CPU = Debug|Any CPU
		Release|Any CPU = Release|Any CPU
	EndGlobalSection
	GlobalSection(ProjectConfigurationPlatforms) = postSolution
		{78C8BF34-459B-4CB8-9100-66C25A13C9B1}.Debug|Any CPU.ActiveCfg = Debug|Any CPU
		{78C8BF34-459B-4CB8-9100-66C25A13C9B1}.Debug|Any CPU.Build.0 = Debug|Any CPU
		{78C8BF34-459B-4CB8-9100-66C25A13C9B1}.Release|Any CPU.ActiveCfg = Release|Any CPU
		{78C8BF34-459B-4CB8-9100-66C25A13C9B1}.Release|Any CPU.Build.0 = Release|Any CPU
	EndGlobalSection
	GlobalSection(SolutionProperties) = preSolution
		HideSolutionNode = FALSE
	EndGlobalSection
	GlobalSection(ExtensibilityGlobals) = postSolution
		SolutionGuid = {B5B08393-A200-42A6-94C5-6C2FFF8A27C9}
	EndGlobalSection
EndGlobal
